// !$*UTF8*$!
{
	archiveVersion = 1;
	classes = {
	};
	objectVersion = 46;
	objects = {

/* Begin PBXBuildFile section */
		4465B7FA1BEBABBE0052AA22 /* AppDelegate.swift in Sources */ = {isa = PBXBuildFile; fileRef = 4465B7F91BEBABBE0052AA22 /* AppDelegate.swift */; };
		4465B7FC1BEBABBE0052AA22 /* ViewController.swift in Sources */ = {isa = PBXBuildFile; fileRef = 4465B7FB1BEBABBE0052AA22 /* ViewController.swift */; };
		4465B7FF1BEBABBE0052AA22 /* Main.storyboard in Resources */ = {isa = PBXBuildFile; fileRef = 4465B7FD1BEBABBE0052AA22 /* Main.storyboard */; };
		4465B8011BEBABBE0052AA22 /* Assets.xcassets in Resources */ = {isa = PBXBuildFile; fileRef = 4465B8001BEBABBE0052AA22 /* Assets.xcassets */; };
		4465B8041BEBABBE0052AA22 /* LaunchScreen.storyboard in Resources */ = {isa = PBXBuildFile; fileRef = 4465B8021BEBABBE0052AA22 /* LaunchScreen.storyboard */; };
		4465B80C1BEBABEF0052AA22 /* RailsRequest.swift in Sources */ = {isa = PBXBuildFile; fileRef = 4465B80B1BEBABEF0052AA22 /* RailsRequest.swift */; };
/* End PBXBuildFile section */

/* Begin PBXFileReference section */
		4465B7F61BEBABBE0052AA22 /* RR.app */ = {isa = PBXFileReference; explicitFileType = wrapper.application; includeInIndex = 0; path = RR.app; sourceTree = BUILT_PRODUCTS_DIR; };
		4465B7F91BEBABBE0052AA22 /* AppDelegate.swift */ = {isa = PBXFileReference; lastKnownFileType = sourcecode.swift; path = AppDelegate.swift; sourceTree = "<group>"; };
		4465B7FB1BEBABBE0052AA22 /* ViewController.swift */ = {isa = PBXFileReference; lastKnownFileType = sourcecode.swift; path = ViewController.swift; sourceTree = "<group>"; };
		4465B7FE1BEBABBE0052AA22 /* Base */ = {isa = PBXFileReference; lastKnownFileType = file.storyboard; name = Base; path = Base.lproj/Main.storyboard; sourceTree = "<group>"; };
		4465B8001BEBABBE0052AA22 /* Assets.xcassets */ = {isa = PBXFileReference; lastKnownFileType = folder.assetcatalog; path = Assets.xcassets; sourceTree = "<group>"; };
		4465B8031BEBABBE0052AA22 /* Base */ = {isa = PBXFileReference; lastKnownFileType = file.storyboard; name = Base; path = Base.lproj/LaunchScreen.storyboard; sourceTree = "<group>"; };
		4465B8051BEBABBE0052AA22 /* Info.plist */ = {isa = PBXFileReference; lastKnownFileType = text.plist.xml; path = Info.plist; sourceTree = "<group>"; };
		4465B80B1BEBABEF0052AA22 /* RailsRequest.swift */ = {isa = PBXFileReference; fileEncoding = 4; lastKnownFileType = sourcecode.swift; path = RailsRequest.swift; sourceTree = "<group>"; };
/* End PBXFileReference section */

/* Begin PBXFrameworksBuildPhase section */
		4465B7F31BEBABBE0052AA22 /* Frameworks */ = {
			isa = PBXFrameworksBuildPhase;
			buildActionMask = 2147483647;
			files = (
			);
			runOnlyForDeploymentPostprocessing = 0;
		};
/* End PBXFrameworksBuildPhase section */

/* Begin PBXGroup section */
		4465B7ED1BEBABBE0052AA22 = {
			isa = PBXGroup;
			children = (
				4465B7F81BEBABBE0052AA22 /* RR */,
				4465B7F71BEBABBE0052AA22 /* Products */,
			);
			sourceTree = "<group>";
		};
		4465B7F71BEBABBE0052AA22 /* Products */ = {
			isa = PBXGroup;
			children = (
				4465B7F61BEBABBE0052AA22 /* RR.app */,
			);
			name = Products;
			sourceTree = "<group>";
		};
		4465B7F81BEBABBE0052AA22 /* RR */ = {
			isa = PBXGroup;
			children = (
				4465B7F91BEBABBE0052AA22 /* AppDelegate.swift */,
				4465B7FB1BEBABBE0052AA22 /* ViewController.swift */,
				4465B80B1BEBABEF0052AA22 /* RailsRequest.swift */,
				4465B7FD1BEBABBE0052AA22 /* Main.storyboard */,
				4465B8001BEBABBE0052AA22 /* Assets.xcassets */,
				4465B8021BEBABBE0052AA22 /* LaunchScreen.storyboard */,
				4465B8051BEBABBE0052AA22 /* Info.plist */,
			);
			path = RR;
			sourceTree = "<group>";
		};
/* End PBXGroup section */

/* Begin PBXNativeTarget section */
		4465B7F51BEBABBE0052AA22 /* RR */ = {
			isa = PBXNativeTarget;
			buildConfigurationList = 4465B8081BEBABBE0052AA22 /* Build configuration list for PBXNativeTarget "RR" */;
			buildPhases = (
				4465B7F21BEBABBE0052AA22 /* Sources */,
				4465B7F31BEBABBE0052AA22 /* Frameworks */,
				4465B7F41BEBABBE0052AA22 /* Resources */,
			);
			buildRules = (
			);
			dependencies = (
			);
			name = RR;
			productName = RR;
			productReference = 4465B7F61BEBABBE0052AA22 /* RR.app */;
			productType = "com.apple.product-type.application";
		};
/* End PBXNativeTarget section */

/* Begin PBXProject section */
		4465B7EE1BEBABBE0052AA22 /* Project object */ = {
			isa = PBXProject;
			attributes = {
				LastSwiftUpdateCheck = 0710;
				LastUpgradeCheck = 0710;
				ORGANIZATIONNAME = "Paul Vagner";
				TargetAttributes = {
					4465B7F51BEBABBE0052AA22 = {
						CreatedOnToolsVersion = 7.1;
						DevelopmentTeam = HVSGYG26E4;
					};
				};
			};
			buildConfigurationList = 4465B7F11BEBABBE0052AA22 /* Build configuration list for PBXProject "RR" */;
			compatibilityVersion = "Xcode 3.2";
			developmentRegion = English;
			hasScannedForEncodings = 0;
			knownRegions = (
				en,
				Base,
			);
			mainGroup = 4465B7ED1BEBABBE0052AA22;
			productRefGroup = 4465B7F71BEBABBE0052AA22 /* Products */;
			projectDirPath = "";
			projectRoot = "";
			targets = (
				4465B7F51BEBABBE0052AA22 /* RR */,
			);
		};
/* End PBXProject section */

/* Begin PBXResourcesBuildPhase section */
		4465B7F41BEBABBE0052AA22 /* Resources */ = {
			isa = PBXResourcesBuildPhase;
			buildActionMask = 2147483647;
			files = (
				4465B8041BEBABBE0052AA22 /* LaunchScreen.storyboard in Resources */,
				4465B8011BEBABBE0052AA22 /* Assets.xcassets in Resources */,
				4465B7FF1BEBABBE0052AA22 /* Main.storyboard in Resources */,
			);
			runOnlyForDeploymentPostprocessing = 0;
		};
/* End PBXResourcesBuildPhase section */

/* Begin PBXSourcesBuildPhase section */
		4465B7F21BEBABBE0052AA22 /* Sources */ = {
			isa = PBXSourcesBuildPhase;
			buildActionMask = 2147483647;
			files = (
				4465B7FC1BEBABBE0052AA22 /* ViewController.swift in Sources */,
				4465B7FA1BEBABBE0052AA22 /* AppDelegate.swift in Sources */,
				4465B80C1BEBABEF0052AA22 /* RailsRequest.swift in Sources */,
			);
			runOnlyForDeploymentPostprocessing = 0;
		};
/* End PBXSourcesBuildPhase section */

/* Begin PBXVariantGroup section */
		4465B7FD1BEBABBE0052AA22 /* Main.storyboard */ = {
			isa = PBXVariantGroup;
			children = (
				4465B7FE1BEBABBE0052AA22 /* Base */,
			);
			name = Main.storyboard;
			sourceTree = "<group>";
		};
		4465B8021BEBABBE0052AA22 /* LaunchScreen.storyboard */ = {
			isa = PBXVariantGroup;
			children = (
				4465B8031BEBABBE0052AA22 /* Base */,
			);
			name = LaunchScreen.storyboard;
			sourceTree = "<group>";
		};
/* End PBXVariantGroup section */

/* Begin XCBuildConfiguration section */
		4465B8061BEBABBE0052AA22 /* Debug */ = {
			isa = XCBuildConfiguration;
			buildSettings = {
				ALWAYS_SEARCH_USER_PATHS = NO;
				CLANG_CXX_LANGUAGE_STANDARD = "gnu++0x";
				CLANG_CXX_LIBRARY = "libc++";
				CLANG_ENABLE_MODULES = YES;
				CLANG_ENABLE_OBJC_ARC = YES;
				CLANG_WARN_BOOL_CONVERSION = YES;
				CLANG_WARN_CONSTANT_CONVERSION = YES;
				CLANG_WARN_DIRECT_OBJC_ISA_USAGE = YES_ERROR;
				CLANG_WARN_EMPTY_BODY = YES;
				CLANG_WARN_ENUM_CONVERSION = YES;
				CLANG_WARN_INT_CONVERSION = YES;
				CLANG_WARN_OBJC_ROOT_CLASS = YES_ERROR;
				CLANG_WARN_UNREACHABLE_CODE = YES;
				CLANG_WARN__DUPLICATE_METHOD_MATCH = YES;
				"CODE_SIGN_IDENTITY[sdk=iphoneos*]" = "iPhone Developer";
				COPY_PHASE_STRIP = NO;
				DEBUG_INFORMATION_FORMAT = dwarf;
				ENABLE_STRICT_OBJC_MSGSEND = YES;
				ENABLE_TESTABILITY = YES;
				GCC_C_LANGUAGE_STANDARD = gnu99;
				GCC_DYNAMIC_NO_PIC = NO;
				GCC_NO_COMMON_BLOCKS = YES;
				GCC_OPTIMIZATION_LEVEL = 0;
				GCC_PREPROCESSOR_DEFINITIONS = (
					"DEBUG=1",
					"$(inherited)",
				);
				GCC_WARN_64_TO_32_BIT_CONVERSION = YES;
				GCC_WARN_ABOUT_RETURN_TYPE = YES_ERROR;
				GCC_WARN_UNDECLARED_SELECTOR = YES;
				GCC_WARN_UNINITIALIZED_AUTOS = YES_AGGRESSIVE;
				GCC_WARN_UNUSED_FUNCTION = YES;
				GCC_WARN_UNUSED_VARIABLE = YES;
				IPHONEOS_DEPLOYMENT_TARGET = 9.1;
				MTL_ENABLE_DEBUG_INFO = YES;
				ONLY_ACTIVE_ARCH = YES;
				SDKROOT = iphoneos;
				SWIFT_OPTIMIZATION_LEVEL = "-Onone";
			};
			name = Debug;
		};
		4465B8071BEBABBE0052AA22 /* Release */ = {
			isa = XCBuildConfiguration;
			buildSettings = {
				ALWAYS_SEARCH_USER_PATHS = NO;
				CLANG_CXX_LANGUAGE_STANDARD = "gnu++0x";
				CLANG_CXX_LIBRARY = "libc++";
				CLANG_ENABLE_MODULES = YES;
				CLANG_ENABLE_OBJC_ARC = YES;
				CLANG_WARN_BOOL_CONVERSION = YES;
				CLANG_WARN_CONSTANT_CONVERSION = YES;
				CLANG_WARN_DIRECT_OBJC_ISA_USAGE = YES_ERROR;
				CLANG_WARN_EMPTY_BODY = YES;
				CLANG_WARN_ENUM_CONVERSION = YES;
				CLANG_WARN_INT_CONVERSION = YES;
				CLANG_WARN_OBJC_ROOT_CLASS = YES_ERROR;
				CLANG_WARN_UNREACHABLE_CODE = YES;
				CLANG_WARN__DUPLICATE_METHOD_MATCH = YES;
				"CODE_SIGN_IDENTITY[sdk=iphoneos*]" = "iPhone Developer";
				COPY_PHASE_STRIP = NO;
				DEBUG_INFORMATION_FORMAT = "dwarf-with-dsym";
				ENABLE_NS_ASSERTIONS = NO;
				ENABLE_STRICT_OBJC_MSGSEND = YES;
				GCC_C_LANGUAGE_STANDARD = gnu99;
				GCC_NO_COMMON_BLOCKS = YES;
				GCC_WARN_64_TO_32_BIT_CONVERSION = YES;
				GCC_WARN_ABOUT_RETURN_TYPE = YES_ERROR;
				GCC_WARN_UNDECLARED_SELECTOR = YES;
				GCC_WARN_UNINITIALIZED_AUTOS = YES_AGGRESSIVE;
				GCC_WARN_UNUSED_FUNCTION = YES;
				GCC_WARN_UNUSED_VARIABLE = YES;
				IPHONEOS_DEPLOYMENT_TARGET = 9.1;
				MTL_ENABLE_DEBUG_INFO = NO;
				SDKROOT = iphoneos;
				VALIDATE_PRODUCT = YES;
			};
			name = Release;
		};
		4465B8091BEBABBE0052AA22 /* Debug */ = {
			isa = XCBuildConfiguration;
			buildSettings = {
				ASSETCATALOG_COMPILER_APPICON_NAME = AppIcon;
				CODE_SIGN_IDENTITY = "iPhone Developer";
				"CODE_SIGN_IDENTITY[sdk=iphoneos*]" = "iPhone Developer";
				INFOPLIST_FILE = RR/Info.plist;
				LD_RUNPATH_SEARCH_PATHS = "$(inherited) @executable_path/Frameworks";
				PRODUCT_BUNDLE_IDENTIFIER = com.paulvagner.RR;
				PRODUCT_NAME = "$(TARGET_NAME)";
				PROVISIONING_PROFILE = "";
			};
			name = Debug;
		};
		4465B80A1BEBABBE0052AA22 /* Release */ = {
			isa = XCBuildConfiguration;
			buildSettings = {
				ASSETCATALOG_COMPILER_APPICON_NAME = AppIcon;
				CODE_SIGN_IDENTITY = "iPhone Developer";
				"CODE_SIGN_IDENTITY[sdk=iphoneos*]" = "iPhone Developer";
				INFOPLIST_FILE = RR/Info.plist;
				LD_RUNPATH_SEARCH_PATHS = "$(inherited) @executable_path/Frameworks";
				PRODUCT_BUNDLE_IDENTIFIER = com.paulvagner.RR;
				PRODUCT_NAME = "$(TARGET_NAME)";
				PROVISIONING_PROFILE = "";
			};
			name = Release;
		};
/* End XCBuildConfiguration section */

/* Begin XCConfigurationList section */
		4465B7F11BEBABBE0052AA22 /* Build configuration list for PBXProject "RR" */ = {
			isa = XCConfigurationList;
			buildConfigurations = (
				4465B8061BEBABBE0052AA22 /* Debug */,
				4465B8071BEBABBE0052AA22 /* Release */,
			);
			defaultConfigurationIsVisible = 0;
			defaultConfigurationName = Release;
		};
		4465B8081BEBABBE0052AA22 /* Build configuration list for PBXNativeTarget "RR" */ = {
			isa = XCConfigurationList;
			buildConfigurations = (
				4465B8091BEBABBE0052AA22 /* Debug */,
				4465B80A1BEBABBE0052AA22 /* Release */,
			);
			defaultConfigurationIsVisible = 0;
		};
/* End XCConfigurationList section */
	};
	rootObject = 4465B7EE1BEBABBE0052AA22 /* Project object */;
}
